
Microsoft Visual Studio Solution File, Format Version 12.00
# Visual Studio Version 17
VisualStudioVersion = 17.14.36221.1
MinimumVisualStudioVersion = 10.0.40219.1
Project("{FAE04EC0-301F-11D3-BF4B-00C04F79EFBC}") = "PackageReferenceCleaner", "PackageReferenceCleaner\PackageReferenceCleaner.csproj", "{0E0B422E-9054-4834-B886-63F84097C068}"
EndProject
Project("{FAE04EC0-301F-11D3-BF4B-00C04F79EFBC}") = "TagCleaner", "TagCleaner\TagCleaner.csproj", "{7DCB517A-F5D3-44C2-9323-04C20636D986}"
EndProject
Project("{FAE04EC0-301F-11D3-BF4B-00C04F79EFBC}") = "TagCleaner.Tests", "TagCleaner.Tests\TagCleaner.Tests.csproj", "{32924558-0455-4038-AE73-11BB26009F50}"
EndProject
Project("{2150E333-8FDC-42A3-9474-1A3956D46DE8}") = "root", "root", "{02EA681E-C7D8-13C7-8484-4AC65E1B71E8}"
	ProjectSection(SolutionItems) = preProject
		counter.http = counter.http
		README.md = README.md
	EndProjectSection
EndProject
Project("{2150E333-8FDC-42A3-9474-1A3956D46DE8}") = "github", "github", "{28E0A7E5-EB27-48E9-8242-54FFCD1F1B82}"
	ProjectSection(SolutionItems) = preProject
		.github\workflows\deploy-to-github-pages.yml = .github\workflows\deploy-to-github-pages.yml
	EndProjectSection
EndProject
Global
	GlobalSection(SolutionConfigurationPlatforms) = preSolution
		Debug|Any CPU = Debug|Any CPU
		Release|Any CPU = Release|Any CPU
	EndGlobalSection
	GlobalSection(ProjectConfigurationPlatforms) = postSolution
		{0E0B422E-9054-4834-B886-63F84097C068}.Debug|Any CPU.ActiveCfg = Debug|Any CPU
		{0E0B422E-9054-4834-B886-63F84097C068}.Debug|Any CPU.Build.0 = Debug|Any CPU
		{0E0B422E-9054-4834-B886-63F84097C068}.Release|Any CPU.ActiveCfg = Release|Any CPU
		{0E0B422E-9054-4834-B886-63F84097C068}.Release|Any CPU.Build.0 = Release|Any CPU
		{7DCB517A-F5D3-44C2-9323-04C20636D986}.Debug|Any CPU.ActiveCfg = Debug|Any CPU
		{7DCB517A-F5D3-44C2-9323-04C20636D986}.Debug|Any CPU.Build.0 = Debug|Any CPU
		{7DCB517A-F5D3-44C2-9323-04C20636D986}.Release|Any CPU.ActiveCfg = Release|Any CPU
		{7DCB517A-F5D3-44C2-9323-04C20636D986}.Release|Any CPU.Build.0 = Release|Any CPU
		{32924558-0455-4038-AE73-11BB26009F50}.Debug|Any CPU.ActiveCfg = Debug|Any CPU
		{32924558-0455-4038-AE73-11BB26009F50}.Debug|Any CPU.Build.0 = Debug|Any CPU
		{32924558-0455-4038-AE73-11BB26009F50}.Release|Any CPU.ActiveCfg = Release|Any CPU
		{32924558-0455-4038-AE73-11BB26009F50}.Release|Any CPU.Build.0 = Release|Any CPU
	EndGlobalSection
	GlobalSection(SolutionProperties) = preSolution
		HideSolutionNode = FALSE
	EndGlobalSection
	GlobalSection(ExtensibilityGlobals) = postSolution
		SolutionGuid = {7DD7422D-FB2C-484F-8E73-CF5D22A454D1}
	EndGlobalSection
EndGlobal
